{
    "_meta": {
        "hash": {
            "sha256": "fccb8d18b115f787dca34c65182cface87a3f6ae9c51a12e044e89839e609f51"
        },
        "pipfile-spec": 6,
        "requires": {
            "python_version": "3.7"
        },
        "sources": [
            {
                "name": "pypi",
                "url": "https://pypi.org/simple",
                "verify_ssl": true
            }
        ]
    },
    "default": {
        "mido": {
            "hashes": [
                "sha256:35142874d4521dc5fcebcdc3a645df87cb0ecad129dd031cbca391e2d052313f",
                "sha256:64b9d1595da8f319bff2eb866f9181257d3670a7803f7e38415f22c03a577560"
            ],
            "index": "pypi",
            "version": "==1.2.8"
        },
        "python-rtmidi": {
            "hashes": [
                "sha256:a796fc764febb9240a3c3de5ed230ae4d74f505c4e6298fb7e5f811bef845501"
            ],
            "index": "pypi",
            "version": "==1.1.1"
        }
    },
    "develop": {}
}
